
Microsoft Visual Studio Solution File, Format Version 9.00
# Visual Studio 2005
Project("{8BC9CEB8-8B4A-11D0-8D11-00A0C91BC942}") = "dots", "dots.vcproj", "{7A879DBB-6157-4E08-96EB-12B87563A2D8}"
EndProject
Project("{8BC9CEB8-8B4A-11D0-8D11-00A0C91BC942}") = "pointToDSO", "pointToDSO\pointToDSO.vcproj", "{B4B9D4D9-233E-470E-9645-06A3BF15938E}"
EndProject
Global
	GlobalSection(SolutionConfigurationPlatforms) = preSolution
		Debug_rms|Win32 = Debug_rms|Win32
		Debug|Win32 = Debug|Win32
		Release|Win32 = Release|Win32
	EndGlobalSection
	GlobalSection(ProjectConfigurationPlatforms) = postSolution
		{7A879DBB-6157-4E08-96EB-12B87563A2D8}.Debug_rms|Win32.ActiveCfg = Debug_rms|Win32
		{7A879DBB-6157-4E08-96EB-12B87563A2D8}.Debug_rms|Win32.Build.0 = Debug_rms|Win32
		{7A879DBB-6157-4E08-96EB-12B87563A2D8}.Debug|Win32.ActiveCfg = Debug|Win32
		{7A879DBB-6157-4E08-96EB-12B87563A2D8}.Debug|Win32.Build.0 = Debug|Win32
		{7A879DBB-6157-4E08-96EB-12B87563A2D8}.Release|Win32.ActiveCfg = Release|Win32
		{7A879DBB-6157-4E08-96EB-12B87563A2D8}.Release|Win32.Build.0 = Release|Win32
		{B4B9D4D9-233E-470E-9645-06A3BF15938E}.Debug_rms|Win32.ActiveCfg = Debug_rms|Win32
		{B4B9D4D9-233E-470E-9645-06A3BF15938E}.Debug_rms|Win32.Build.0 = Debug_rms|Win32
		{B4B9D4D9-233E-470E-9645-06A3BF15938E}.Debug|Win32.ActiveCfg = Debug|Win32
		{B4B9D4D9-233E-470E-9645-06A3BF15938E}.Debug|Win32.Build.0 = Debug|Win32
		{B4B9D4D9-233E-470E-9645-06A3BF15938E}.Release|Win32.ActiveCfg = Release|Win32
		{B4B9D4D9-233E-470E-9645-06A3BF15938E}.Release|Win32.Build.0 = Release|Win32
	EndGlobalSection
	GlobalSection(SolutionProperties) = preSolution
		HideSolutionNode = FALSE
	EndGlobalSection
EndGlobal
